
Microsoft Visual Studio Solution File, Format Version 12.00
# Visual Studio Version 16
VisualStudioVersion = 16.0.31410.357
MinimumVisualStudioVersion = 10.0.40219.1
Project("{9A19103F-16F7-4668-BE54-9A1E7A4F7556}") = "Oiski.Common", "Oiski.Common.csproj", "{72F86C35-A67F-4E5E-8F64-F04BC1196074}"
EndProject
Global
	GlobalSection(SolutionConfigurationPlatforms) = preSolution
		Debug|Any CPU = Debug|Any CPU
		Release|Any CPU = Release|Any CPU
	EndGlobalSection
	GlobalSection(ProjectConfigurationPlatforms) = postSolution
		{72F86C35-A67F-4E5E-8F64-F04BC1196074}.Debug|Any CPU.ActiveCfg = Debug|Any CPU
		{72F86C35-A67F-4E5E-8F64-F04BC1196074}.Debug|Any CPU.Build.0 = Debug|Any CPU
		{72F86C35-A67F-4E5E-8F64-F04BC1196074}.Release|Any CPU.ActiveCfg = Release|Any CPU
		{72F86C35-A67F-4E5E-8F64-F04BC1196074}.Release|Any CPU.Build.0 = Release|Any CPU
	EndGlobalSection
	GlobalSection(SolutionProperties) = preSolution
		HideSolutionNode = FALSE
	EndGlobalSection
	GlobalSection(ExtensibilityGlobals) = postSolution
		SolutionGuid = {F69DA44C-D788-45FB-8588-2B078C116489}
	EndGlobalSection
EndGlobal
